
Microsoft Visual Studio Solution File, Format Version 12.00
# Visual Studio Version 17
VisualStudioVersion = 17.3.32901.215
MinimumVisualStudioVersion = 10.0.40219.1
Project("{FAE04EC0-301F-11D3-BF4B-00C04F79EFBC}") = "hafta13_1", "hafta13_1\hafta13_1.csproj", "{DEBE1048-03D1-41F5-9A9B-AF074904DE99}"
EndProject
Global
	GlobalSection(SolutionConfigurationPlatforms) = preSolution
		Debug|Any CPU = Debug|Any CPU
		Release|Any CPU = Release|Any CPU
	EndGlobalSection
	GlobalSection(ProjectConfigurationPlatforms) = postSolution
		{DEBE1048-03D1-41F5-9A9B-AF074904DE99}.Debug|Any CPU.ActiveCfg = Debug|Any CPU
		{DEBE1048-03D1-41F5-9A9B-AF074904DE99}.Debug|Any CPU.Build.0 = Debug|Any CPU
		{DEBE1048-03D1-41F5-9A9B-AF074904DE99}.Release|Any CPU.ActiveCfg = Release|Any CPU
		{DEBE1048-03D1-41F5-9A9B-AF074904DE99}.Release|Any CPU.Build.0 = Release|Any CPU
	EndGlobalSection
	GlobalSection(SolutionProperties) = preSolution
		HideSolutionNode = FALSE
	EndGlobalSection
	GlobalSection(ExtensibilityGlobals) = postSolution
		SolutionGuid = {7CFB17A8-DE21-4976-984B-0F0BFEE46438}
	EndGlobalSection
EndGlobal
