
Microsoft Visual Studio Solution File, Format Version 12.00
# Visual Studio Version 17
VisualStudioVersion = 17.3.32901.215
MinimumVisualStudioVersion = 10.0.40219.1
Project("{FAE04EC0-301F-11D3-BF4B-00C04F79EFBC}") = "hafta10_2", "hafta10_2\hafta10_2.csproj", "{C767714F-CF63-4A74-92F1-FC638AE1E75F}"
EndProject
Global
	GlobalSection(SolutionConfigurationPlatforms) = preSolution
		Debug|Any CPU = Debug|Any CPU
		Release|Any CPU = Release|Any CPU
	EndGlobalSection
	GlobalSection(ProjectConfigurationPlatforms) = postSolution
		{C767714F-CF63-4A74-92F1-FC638AE1E75F}.Debug|Any CPU.ActiveCfg = Debug|Any CPU
		{C767714F-CF63-4A74-92F1-FC638AE1E75F}.Debug|Any CPU.Build.0 = Debug|Any CPU
		{C767714F-CF63-4A74-92F1-FC638AE1E75F}.Release|Any CPU.ActiveCfg = Release|Any CPU
		{C767714F-CF63-4A74-92F1-FC638AE1E75F}.Release|Any CPU.Build.0 = Release|Any CPU
	EndGlobalSection
	GlobalSection(SolutionProperties) = preSolution
		HideSolutionNode = FALSE
	EndGlobalSection
	GlobalSection(ExtensibilityGlobals) = postSolution
		SolutionGuid = {63957013-6E1E-40A4-B33E-7EB92BD6A6B4}
	EndGlobalSection
EndGlobal
