
Microsoft Visual Studio Solution File, Format Version 12.00
# Visual Studio Version 17
VisualStudioVersion = 17.5.33414.496
MinimumVisualStudioVersion = 10.0.40219.1
Project("{FAE04EC0-301F-11D3-BF4B-00C04F79EFBC}") = "Bilp224_Hafta3_Ornek03", "Bilp224_Hafta3_Ornek03\Bilp224_Hafta3_Ornek03.csproj", "{7DE43816-3E1A-47A6-B4D9-B617D1513BB2}"
EndProject
Global
	GlobalSection(SolutionConfigurationPlatforms) = preSolution
		Debug|Any CPU = Debug|Any CPU
		Release|Any CPU = Release|Any CPU
	EndGlobalSection
	GlobalSection(ProjectConfigurationPlatforms) = postSolution
		{7DE43816-3E1A-47A6-B4D9-B617D1513BB2}.Debug|Any CPU.ActiveCfg = Debug|Any CPU
		{7DE43816-3E1A-47A6-B4D9-B617D1513BB2}.Debug|Any CPU.Build.0 = Debug|Any CPU
		{7DE43816-3E1A-47A6-B4D9-B617D1513BB2}.Release|Any CPU.ActiveCfg = Release|Any CPU
		{7DE43816-3E1A-47A6-B4D9-B617D1513BB2}.Release|Any CPU.Build.0 = Release|Any CPU
	EndGlobalSection
	GlobalSection(SolutionProperties) = preSolution
		HideSolutionNode = FALSE
	EndGlobalSection
	GlobalSection(ExtensibilityGlobals) = postSolution
		SolutionGuid = {9140B1E3-DDCA-40A0-A2F4-AAD591D463E2}
	EndGlobalSection
EndGlobal
