
Microsoft Visual Studio Solution File, Format Version 12.00
# Visual Studio Version 17
VisualStudioVersion = 17.5.33414.496
MinimumVisualStudioVersion = 10.0.40219.1
Project("{FAE04EC0-301F-11D3-BF4B-00C04F79EFBC}") = "Bilp224_Hafta3_Ornek02", "Bilp224_Hafta3_Ornek02\Bilp224_Hafta3_Ornek02.csproj", "{C4E1CCBA-6D90-48ED-9E8F-DDE72C3B2D9E}"
EndProject
Global
	GlobalSection(SolutionConfigurationPlatforms) = preSolution
		Debug|Any CPU = Debug|Any CPU
		Release|Any CPU = Release|Any CPU
	EndGlobalSection
	GlobalSection(ProjectConfigurationPlatforms) = postSolution
		{C4E1CCBA-6D90-48ED-9E8F-DDE72C3B2D9E}.Debug|Any CPU.ActiveCfg = Debug|Any CPU
		{C4E1CCBA-6D90-48ED-9E8F-DDE72C3B2D9E}.Debug|Any CPU.Build.0 = Debug|Any CPU
		{C4E1CCBA-6D90-48ED-9E8F-DDE72C3B2D9E}.Release|Any CPU.ActiveCfg = Release|Any CPU
		{C4E1CCBA-6D90-48ED-9E8F-DDE72C3B2D9E}.Release|Any CPU.Build.0 = Release|Any CPU
	EndGlobalSection
	GlobalSection(SolutionProperties) = preSolution
		HideSolutionNode = FALSE
	EndGlobalSection
	GlobalSection(ExtensibilityGlobals) = postSolution
		SolutionGuid = {45A250FC-0420-4DB9-8304-FDA5EC839254}
	EndGlobalSection
EndGlobal
