
Microsoft Visual Studio Solution File, Format Version 12.00
# Visual Studio Version 17
VisualStudioVersion = 17.3.32901.215
MinimumVisualStudioVersion = 10.0.40219.1
Project("{FAE04EC0-301F-11D3-BF4B-00C04F79EFBC}") = "hafta10_4", "hafta10_4\hafta10_4.csproj", "{D38B44E9-A816-40D5-8EAA-A7E0A698413C}"
EndProject
Global
	GlobalSection(SolutionConfigurationPlatforms) = preSolution
		Debug|Any CPU = Debug|Any CPU
		Release|Any CPU = Release|Any CPU
	EndGlobalSection
	GlobalSection(ProjectConfigurationPlatforms) = postSolution
		{D38B44E9-A816-40D5-8EAA-A7E0A698413C}.Debug|Any CPU.ActiveCfg = Debug|Any CPU
		{D38B44E9-A816-40D5-8EAA-A7E0A698413C}.Debug|Any CPU.Build.0 = Debug|Any CPU
		{D38B44E9-A816-40D5-8EAA-A7E0A698413C}.Release|Any CPU.ActiveCfg = Release|Any CPU
		{D38B44E9-A816-40D5-8EAA-A7E0A698413C}.Release|Any CPU.Build.0 = Release|Any CPU
	EndGlobalSection
	GlobalSection(SolutionProperties) = preSolution
		HideSolutionNode = FALSE
	EndGlobalSection
	GlobalSection(ExtensibilityGlobals) = postSolution
		SolutionGuid = {CBAB835F-C45C-4606-B744-CA98C6788786}
	EndGlobalSection
EndGlobal
